// !$*UTF8*$!
{
	archiveVersion = 1;
	classes = {
	};
	objectVersion = 46;
	objects = {

/* Begin PBXBuildFile section */
		7A2CBC131CEC6DD100770193 /* AppDelegate.swift in Sources */ = {isa = PBXBuildFile; fileRef = 7A2CBC121CEC6DD100770193 /* AppDelegate.swift */; };
		7A2CBC151CEC6DD100770193 /* ViewController.swift in Sources */ = {isa = PBXBuildFile; fileRef = 7A2CBC141CEC6DD100770193 /* ViewController.swift */; };
		7A2CBC181CEC6DD100770193 /* Main.storyboard in Resources */ = {isa = PBXBuildFile; fileRef = 7A2CBC161CEC6DD100770193 /* Main.storyboard */; };
		7A2CBC281CEC6DD200770193 /* Super_coolTests.swift in Sources */ = {isa = PBXBuildFile; fileRef = 7A2CBC271CEC6DD200770193 /* Super_coolTests.swift */; };
		7A2CBC331CEC6DD200770193 /* Super_coolUITests.swift in Sources */ = {isa = PBXBuildFile; fileRef = 7A2CBC321CEC6DD200770193 /* Super_coolUITests.swift */; };
		7A2CBC411CEC7BBE00770193 /* Media.xcassets in Resources */ = {isa = PBXBuildFile; fileRef = 7A2CBC401CEC7BBD00770193 /* Media.xcassets */; };
		7A3BC8B91CFDA38B00E56DAD /* Default-568h@2x.png in Resources */ = {isa = PBXBuildFile; fileRef = 7A3BC8B81CFDA38B00E56DAD /* Default-568h@2x.png */; };
		7A8AB7F21CF72FC500E760B4 /* Images.xcassets in Resources */ = {isa = PBXBuildFile; fileRef = 7A8AB7F11CF72FC500E760B4 /* Images.xcassets */; };
/* End PBXBuildFile section */

/* Begin PBXContainerItemProxy section */
		7A2CBC241CEC6DD200770193 /* PBXContainerItemProxy */ = {
			isa = PBXContainerItemProxy;
			containerPortal = 7A2CBC071CEC6DD100770193 /* Project object */;
			proxyType = 1;
			remoteGlobalIDString = 7A2CBC0E1CEC6DD100770193;
			remoteInfo = "Super cool";
		};
		7A2CBC2F1CEC6DD200770193 /* PBXContainerItemProxy */ = {
			isa = PBXContainerItemProxy;
			containerPortal = 7A2CBC071CEC6DD100770193 /* Project object */;
			proxyType = 1;
			remoteGlobalIDString = 7A2CBC0E1CEC6DD100770193;
			remoteInfo = "Super cool";
		};
/* End PBXContainerItemProxy section */

/* Begin PBXFileReference section */
		7A2CBC0F1CEC6DD100770193 /* Super cool.app */ = {isa = PBXFileReference; explicitFileType = wrapper.application; includeInIndex = 0; path = "Super cool.app"; sourceTree = BUILT_PRODUCTS_DIR; };
		7A2CBC121CEC6DD100770193 /* AppDelegate.swift */ = {isa = PBXFileReference; lastKnownFileType = sourcecode.swift; path = AppDelegate.swift; sourceTree = "<group>"; };
		7A2CBC141CEC6DD100770193 /* ViewController.swift */ = {isa = PBXFileReference; lastKnownFileType = sourcecode.swift; path = ViewController.swift; sourceTree = "<group>"; };
		7A2CBC171CEC6DD100770193 /* Base */ = {isa = PBXFileReference; lastKnownFileType = file.storyboard; name = Base; path = Base.lproj/Main.storyboard; sourceTree = "<group>"; };
		7A2CBC1E1CEC6DD200770193 /* Info.plist */ = {isa = PBXFileReference; lastKnownFileType = text.plist.xml; path = Info.plist; sourceTree = "<group>"; };
		7A2CBC231CEC6DD200770193 /* Super coolTests.xctest */ = {isa = PBXFileReference; explicitFileType = wrapper.cfbundle; includeInIndex = 0; path = "Super coolTests.xctest"; sourceTree = BUILT_PRODUCTS_DIR; };
		7A2CBC271CEC6DD200770193 /* Super_coolTests.swift */ = {isa = PBXFileReference; lastKnownFileType = sourcecode.swift; path = Super_coolTests.swift; sourceTree = "<group>"; };
		7A2CBC291CEC6DD200770193 /* Info.plist */ = {isa = PBXFileReference; lastKnownFileType = text.plist.xml; path = Info.plist; sourceTree = "<group>"; };
		7A2CBC2E1CEC6DD200770193 /* Super coolUITests.xctest */ = {isa = PBXFileReference; explicitFileType = wrapper.cfbundle; includeInIndex = 0; path = "Super coolUITests.xctest"; sourceTree = BUILT_PRODUCTS_DIR; };
		7A2CBC321CEC6DD200770193 /* Super_coolUITests.swift */ = {isa = PBXFileReference; lastKnownFileType = sourcecode.swift; path = Super_coolUITests.swift; sourceTree = "<group>"; };
		7A2CBC341CEC6DD200770193 /* Info.plist */ = {isa = PBXFileReference; lastKnownFileType = text.plist.xml; path = Info.plist; sourceTree = "<group>"; };
		7A2CBC401CEC7BBD00770193 /* Media.xcassets */ = {isa = PBXFileReference; lastKnownFileType = folder.assetcatalog; path = Media.xcassets; sourceTree = "<group>"; };
		7A3BC8B81CFDA38B00E56DAD /* Default-568h@2x.png */ = {isa = PBXFileReference; lastKnownFileType = image.png; path = "Default-568h@2x.png"; sourceTree = "<group>"; };
		7A8AB7F11CF72FC500E760B4 /* Images.xcassets */ = {isa = PBXFileReference; lastKnownFileType = folder.assetcatalog; path = Images.xcassets; sourceTree = "<group>"; };
/* End PBXFileReference section */

/* Begin PBXFrameworksBuildPhase section */
		7A2CBC0C1CEC6DD100770193 /* Frameworks */ = {
			isa = PBXFrameworksBuildPhase;
			buildActionMask = 2147483647;
			files = (
			);
			runOnlyForDeploymentPostprocessing = 0;
		};
		7A2CBC201CEC6DD200770193 /* Frameworks */ = {
			isa = PBXFrameworksBuildPhase;
			buildActionMask = 2147483647;
			files = (
			);
			runOnlyForDeploymentPostprocessing = 0;
		};
		7A2CBC2B1CEC6DD200770193 /* Frameworks */ = {
			isa = PBXFrameworksBuildPhase;
			buildActionMask = 2147483647;
			files = (
			);
			runOnlyForDeploymentPostprocessing = 0;
		};
/* End PBXFrameworksBuildPhase section */

/* Begin PBXGroup section */
		7A2CBC061CEC6DD100770193 = {
			isa = PBXGroup;
			children = (
				7A3BC8B81CFDA38B00E56DAD /* Default-568h@2x.png */,
				7A2CBC111CEC6DD100770193 /* Super cool */,
				7A2CBC261CEC6DD200770193 /* Super coolTests */,
				7A2CBC311CEC6DD200770193 /* Super coolUITests */,
				7A2CBC101CEC6DD100770193 /* Products */,
			);
			sourceTree = "<group>";
		};
		7A2CBC101CEC6DD100770193 /* Products */ = {
			isa = PBXGroup;
			children = (
				7A2CBC0F1CEC6DD100770193 /* Super cool.app */,
				7A2CBC231CEC6DD200770193 /* Super coolTests.xctest */,
				7A2CBC2E1CEC6DD200770193 /* Super coolUITests.xctest */,
			);
			name = Products;
			sourceTree = "<group>";
		};
		7A2CBC111CEC6DD100770193 /* Super cool */ = {
			isa = PBXGroup;
			children = (
				7A2CBC121CEC6DD100770193 /* AppDelegate.swift */,
				7A2CBC141CEC6DD100770193 /* ViewController.swift */,
				7A2CBC161CEC6DD100770193 /* Main.storyboard */,
				7A2CBC401CEC7BBD00770193 /* Media.xcassets */,
				7A2CBC1E1CEC6DD200770193 /* Info.plist */,
				7A8AB7F11CF72FC500E760B4 /* Images.xcassets */,
			);
			path = "Super cool";
			sourceTree = "<group>";
		};
		7A2CBC261CEC6DD200770193 /* Super coolTests */ = {
			isa = PBXGroup;
			children = (
				7A2CBC271CEC6DD200770193 /* Super_coolTests.swift */,
				7A2CBC291CEC6DD200770193 /* Info.plist */,
			);
			path = "Super coolTests";
			sourceTree = "<group>";
		};
		7A2CBC311CEC6DD200770193 /* Super coolUITests */ = {
			isa = PBXGroup;
			children = (
				7A2CBC321CEC6DD200770193 /* Super_coolUITests.swift */,
				7A2CBC341CEC6DD200770193 /* Info.plist */,
			);
			path = "Super coolUITests";
			sourceTree = "<group>";
		};
/* End PBXGroup section */

/* Begin PBXNativeTarget section */
		7A2CBC0E1CEC6DD100770193 /* Super cool */ = {
			isa = PBXNativeTarget;
			buildConfigurationList = 7A2CBC371CEC6DD200770193 /* Build configuration list for PBXNativeTarget "Super cool" */;
			buildPhases = (
				7A2CBC0B1CEC6DD100770193 /* Sources */,
				7A2CBC0C1CEC6DD100770193 /* Frameworks */,
				7A2CBC0D1CEC6DD100770193 /* Resources */,
			);
			buildRules = (
			);
			dependencies = (
			);
			name = "Super cool";
			productName = "Super cool";
			productReference = 7A2CBC0F1CEC6DD100770193 /* Super cool.app */;
			productType = "com.apple.product-type.application";
		};
		7A2CBC221CEC6DD200770193 /* Super coolTests */ = {
			isa = PBXNativeTarget;
			buildConfigurationList = 7A2CBC3A1CEC6DD200770193 /* Build configuration list for PBXNativeTarget "Super coolTests" */;
			buildPhases = (
				7A2CBC1F1CEC6DD200770193 /* Sources */,
				7A2CBC201CEC6DD200770193 /* Frameworks */,
				7A2CBC211CEC6DD200770193 /* Resources */,
			);
			buildRules = (
			);
			dependencies = (
				7A2CBC251CEC6DD200770193 /* PBXTargetDependency */,
			);
			name = "Super coolTests";
			productName = "Super coolTests";
			productReference = 7A2CBC231CEC6DD200770193 /* Super coolTests.xctest */;
			productType = "com.apple.product-type.bundle.unit-test";
		};
		7A2CBC2D1CEC6DD200770193 /* Super coolUITests */ = {
			isa = PBXNativeTarget;
			buildConfigurationList = 7A2CBC3D1CEC6DD200770193 /* Build configuration list for PBXNativeTarget "Super coolUITests" */;
			buildPhases = (
				7A2CBC2A1CEC6DD200770193 /* Sources */,
				7A2CBC2B1CEC6DD200770193 /* Frameworks */,
				7A2CBC2C1CEC6DD200770193 /* Resources */,
			);
			buildRules = (
			);
			dependencies = (
				7A2CBC301CEC6DD200770193 /* PBXTargetDependency */,
			);
			name = "Super coolUITests";
			productName = "Super coolUITests";
			productReference = 7A2CBC2E1CEC6DD200770193 /* Super coolUITests.xctest */;
			productType = "com.apple.product-type.bundle.ui-testing";
		};
/* End PBXNativeTarget section */

/* Begin PBXProject section */
		7A2CBC071CEC6DD100770193 /* Project object */ = {
			isa = PBXProject;
			attributes = {
				LastSwiftUpdateCheck = 0730;
				LastUpgradeCheck = 0730;
				ORGANIZATIONNAME = "Pavlos Macdonald-Kosmidis";
				TargetAttributes = {
					7A2CBC0E1CEC6DD100770193 = {
						CreatedOnToolsVersion = 7.3.1;
						DevelopmentTeam = R9Z9PM9A53;
					};
					7A2CBC221CEC6DD200770193 = {
						CreatedOnToolsVersion = 7.3.1;
						TestTargetID = 7A2CBC0E1CEC6DD100770193;
					};
					7A2CBC2D1CEC6DD200770193 = {
						CreatedOnToolsVersion = 7.3.1;
						TestTargetID = 7A2CBC0E1CEC6DD100770193;
					};
				};
			};
			buildConfigurationList = 7A2CBC0A1CEC6DD100770193 /* Build configuration list for PBXProject "Super cool" */;
			compatibilityVersion = "Xcode 3.2";
			developmentRegion = English;
			hasScannedForEncodings = 0;
			knownRegions = (
				en,
				Base,
			);
			mainGroup = 7A2CBC061CEC6DD100770193;
			productRefGroup = 7A2CBC101CEC6DD100770193 /* Products */;
			projectDirPath = "";
			projectRoot = "";
			targets = (
				7A2CBC0E1CEC6DD100770193 /* Super cool */,
				7A2CBC221CEC6DD200770193 /* Super coolTests */,
				7A2CBC2D1CEC6DD200770193 /* Super coolUITests */,
			);
		};
/* End PBXProject section */

/* Begin PBXResourcesBuildPhase section */
		7A2CBC0D1CEC6DD100770193 /* Resources */ = {
			isa = PBXResourcesBuildPhase;
			buildActionMask = 2147483647;
			files = (
				7A8AB7F21CF72FC500E760B4 /* Images.xcassets in Resources */,
				7A3BC8B91CFDA38B00E56DAD /* Default-568h@2x.png in Resources */,
				7A2CBC411CEC7BBE00770193 /* Media.xcassets in Resources */,
				7A2CBC181CEC6DD100770193 /* Main.storyboard in Resources */,
			);
			runOnlyForDeploymentPostprocessing = 0;
		};
		7A2CBC211CEC6DD200770193 /* Resources */ = {
			isa = PBXResourcesBuildPhase;
			buildActionMask = 2147483647;
			files = (
			);
			runOnlyForDeploymentPostprocessing = 0;
		};
		7A2CBC2C1CEC6DD200770193 /* Resources */ = {
			isa = PBXResourcesBuildPhase;
			buildActionMask = 2147483647;
			files = (
			);
			runOnlyForDeploymentPostprocessing = 0;
		};
/* End PBXResourcesBuildPhase section */

/* Begin PBXSourcesBuildPhase section */
		7A2CBC0B1CEC6DD100770193 /* Sources */ = {
			isa = PBXSourcesBuildPhase;
			buildActionMask = 2147483647;
			files = (
				7A2CBC151CEC6DD100770193 /* ViewController.swift in Sources */,
				7A2CBC131CEC6DD100770193 /* AppDelegate.swift in Sources */,
			);
			runOnlyForDeploymentPostprocessing = 0;
		};
		7A2CBC1F1CEC6DD200770193 /* Sources */ = {
			isa = PBXSourcesBuildPhase;
			buildActionMask = 2147483647;
			files = (
				7A2CBC281CEC6DD200770193 /* Super_coolTests.swift in Sources */,
			);
			runOnlyForDeploymentPostprocessing = 0;
		};
		7A2CBC2A1CEC6DD200770193 /* Sources */ = {
			isa = PBXSourcesBuildPhase;
			buildActionMask = 2147483647;
			files = (
				7A2CBC331CEC6DD200770193 /* Super_coolUITests.swift in Sources */,
			);
			runOnlyForDeploymentPostprocessing = 0;
		};
/* End PBXSourcesBuildPhase section */

/* Begin PBXTargetDependency section */
		7A2CBC251CEC6DD200770193 /* PBXTargetDependency */ = {
			isa = PBXTargetDependency;
			target = 7A2CBC0E1CEC6DD100770193 /* Super cool */;
			targetProxy = 7A2CBC241CEC6DD200770193 /* PBXContainerItemProxy */;
		};
		7A2CBC301CEC6DD200770193 /* PBXTargetDependency */ = {
			isa = PBXTargetDependency;
			target = 7A2CBC0E1CEC6DD100770193 /* Super cool */;
			targetProxy = 7A2CBC2F1CEC6DD200770193 /* PBXContainerItemProxy */;
		};
/* End PBXTargetDependency section */

/* Begin PBXVariantGroup section */
		7A2CBC161CEC6DD100770193 /* Main.storyboard */ = {
			isa = PBXVariantGroup;
			children = (
				7A2CBC171CEC6DD100770193 /* Base */,
			);
			name = Main.storyboard;
			sourceTree = "<group>";
		};
/* End PBXVariantGroup section */

/* Begin XCBuildConfiguration section */
		7A2CBC351CEC6DD200770193 /* Debug */ = {
			isa = XCBuildConfiguration;
			buildSettings = {
				ALWAYS_SEARCH_USER_PATHS = NO;
				CLANG_ANALYZER_NONNULL = YES;
				CLANG_CXX_LANGUAGE_STANDARD = "gnu++0x";
				CLANG_CXX_LIBRARY = "libc++";
				CLANG_ENABLE_MODULES = YES;
				CLANG_ENABLE_OBJC_ARC = YES;
				CLANG_WARN_BOOL_CONVERSION = YES;
				CLANG_WARN_CONSTANT_CONVERSION = YES;
				CLANG_WARN_DIRECT_OBJC_ISA_USAGE = YES_ERROR;
				CLANG_WARN_EMPTY_BODY = YES;
				CLANG_WARN_ENUM_CONVERSION = YES;
				CLANG_WARN_INT_CONVERSION = YES;
				CLANG_WARN_OBJC_ROOT_CLASS = YES_ERROR;
				CLANG_WARN_UNREACHABLE_CODE = YES;
				CLANG_WARN__DUPLICATE_METHOD_MATCH = YES;
				"CODE_SIGN_IDENTITY[sdk=iphoneos*]" = "iPhone Developer";
				COPY_PHASE_STRIP = NO;
				DEBUG_INFORMATION_FORMAT = dwarf;
				ENABLE_STRICT_OBJC_MSGSEND = YES;
				ENABLE_TESTABILITY = YES;
				GCC_C_LANGUAGE_STANDARD = gnu99;
				GCC_DYNAMIC_NO_PIC = NO;
				GCC_NO_COMMON_BLOCKS = YES;
				GCC_OPTIMIZATION_LEVEL = 0;
				GCC_PREPROCESSOR_DEFINITIONS = (
					"DEBUG=1",
					"$(inherited)",
				);
				GCC_WARN_64_TO_32_BIT_CONVERSION = YES;
				GCC_WARN_ABOUT_RETURN_TYPE = YES_ERROR;
				GCC_WARN_UNDECLARED_SELECTOR = YES;
				GCC_WARN_UNINITIALIZED_AUTOS = YES_AGGRESSIVE;
				GCC_WARN_UNUSED_FUNCTION = YES;
				GCC_WARN_UNUSED_VARIABLE = YES;
				IPHONEOS_DEPLOYMENT_TARGET = 9.3;
				MTL_ENABLE_DEBUG_INFO = YES;
				ONLY_ACTIVE_ARCH = YES;
				SDKROOT = iphoneos;
				SWIFT_OPTIMIZATION_LEVEL = "-Onone";
			};
			name = Debug;
		};
		7A2CBC361CEC6DD200770193 /* Release */ = {
			isa = XCBuildConfiguration;
			buildSettings = {
				ALWAYS_SEARCH_USER_PATHS = NO;
				CLANG_ANALYZER_NONNULL = YES;
				CLANG_CXX_LANGUAGE_STANDARD = "gnu++0x";
				CLANG_CXX_LIBRARY = "libc++";
				CLANG_ENABLE_MODULES = YES;
				CLANG_ENABLE_OBJC_ARC = YES;
				CLANG_WARN_BOOL_CONVERSION = YES;
				CLANG_WARN_CONSTANT_CONVERSION = YES;
				CLANG_WARN_DIRECT_OBJC_ISA_USAGE = YES_ERROR;
				CLANG_WARN_EMPTY_BODY = YES;
				CLANG_WARN_ENUM_CONVERSION = YES;
				CLANG_WARN_INT_CONVERSION = YES;
				CLANG_WARN_OBJC_ROOT_CLASS = YES_ERROR;
				CLANG_WARN_UNREACHABLE_CODE = YES;
				CLANG_WARN__DUPLICATE_METHOD_MATCH = YES;
				"CODE_SIGN_IDENTITY[sdk=iphoneos*]" = "iPhone Developer";
				COPY_PHASE_STRIP = NO;
				DEBUG_INFORMATION_FORMAT = "dwarf-with-dsym";
				ENABLE_NS_ASSERTIONS = NO;
				ENABLE_STRICT_OBJC_MSGSEND = YES;
				GCC_C_LANGUAGE_STANDARD = gnu99;
				GCC_NO_COMMON_BLOCKS = YES;
				GCC_WARN_64_TO_32_BIT_CONVERSION = YES;
				GCC_WARN_ABOUT_RETURN_TYPE = YES_ERROR;
				GCC_WARN_UNDECLARED_SELECTOR = YES;
				GCC_WARN_UNINITIALIZED_AUTOS = YES_AGGRESSIVE;
				GCC_WARN_UNUSED_FUNCTION = YES;
				GCC_WARN_UNUSED_VARIABLE = YES;
				IPHONEOS_DEPLOYMENT_TARGET = 9.3;
				MTL_ENABLE_DEBUG_INFO = NO;
				SDKROOT = iphoneos;
				VALIDATE_PRODUCT = YES;
			};
			name = Release;
		};
		7A2CBC381CEC6DD200770193 /* Debug */ = {
			isa = XCBuildConfiguration;
			buildSettings = {
				ASSETCATALOG_COMPILER_APPICON_NAME = AppIcon;
				CODE_SIGN_IDENTITY = "iPhone Developer";
				"CODE_SIGN_IDENTITY[sdk=iphoneos*]" = "iPhone Developer";
				INFOPLIST_FILE = "Super cool/Info.plist";
				LD_RUNPATH_SEARCH_PATHS = "$(inherited) @executable_path/Frameworks";
				PRODUCT_BUNDLE_IDENTIFIER = "Godhar.Super-cool";
				PRODUCT_NAME = "$(TARGET_NAME)";
				PROVISIONING_PROFILE = "";
			};
			name = Debug;
		};
		7A2CBC391CEC6DD200770193 /* Release */ = {
			isa = XCBuildConfiguration;
			buildSettings = {
				ASSETCATALOG_COMPILER_APPICON_NAME = AppIcon;
				CODE_SIGN_IDENTITY = "iPhone Developer";
				"CODE_SIGN_IDENTITY[sdk=iphoneos*]" = "iPhone Developer";
				INFOPLIST_FILE = "Super cool/Info.plist";
				LD_RUNPATH_SEARCH_PATHS = "$(inherited) @executable_path/Frameworks";
				PRODUCT_BUNDLE_IDENTIFIER = "Godhar.Super-cool";
				PRODUCT_NAME = "$(TARGET_NAME)";
				PROVISIONING_PROFILE = "";
			};
			name = Release;
		};
		7A2CBC3B1CEC6DD200770193 /* Debug */ = {
			isa = XCBuildConfiguration;
			buildSettings = {
				BUNDLE_LOADER = "$(TEST_HOST)";
				INFOPLIST_FILE = "Super coolTests/Info.plist";
				LD_RUNPATH_SEARCH_PATHS = "$(inherited) @executable_path/Frameworks @loader_path/Frameworks";
				PRODUCT_BUNDLE_IDENTIFIER = "Godhar.Super-coolTests";
				PRODUCT_NAME = "$(TARGET_NAME)";
				TEST_HOST = "$(BUILT_PRODUCTS_DIR)/Super cool.app/Super cool";
			};
			name = Debug;
		};
		7A2CBC3C1CEC6DD200770193 /* Release */ = {
			isa = XCBuildConfiguration;
			buildSettings = {
				BUNDLE_LOADER = "$(TEST_HOST)";
				INFOPLIST_FILE = "Super coolTests/Info.plist";
				LD_RUNPATH_SEARCH_PATHS = "$(inherited) @executable_path/Frameworks @loader_path/Frameworks";
				PRODUCT_BUNDLE_IDENTIFIER = "Godhar.Super-coolTests";
				PRODUCT_NAME = "$(TARGET_NAME)";
				TEST_HOST = "$(BUILT_PRODUCTS_DIR)/Super cool.app/Super cool";
			};
			name = Release;
		};
		7A2CBC3E1CEC6DD200770193 /* Debug */ = {
			isa = XCBuildConfiguration;
			buildSettings = {
				INFOPLIST_FILE = "Super coolUITests/Info.plist";
				LD_RUNPATH_SEARCH_PATHS = "$(inherited) @executable_path/Frameworks @loader_path/Frameworks";
				PRODUCT_BUNDLE_IDENTIFIER = "Godhar.Super-coolUITests";
				PRODUCT_NAME = "$(TARGET_NAME)";
				TEST_TARGET_NAME = "Super cool";
			};
			name = Debug;
		};
		7A2CBC3F1CEC6DD200770193 /* Release */ = {
			isa = XCBuildConfiguration;
			buildSettings = {
				INFOPLIST_FILE = "Super coolUITests/Info.plist";
				LD_RUNPATH_SEARCH_PATHS = "$(inherited) @executable_path/Frameworks @loader_path/Frameworks";
				PRODUCT_BUNDLE_IDENTIFIER = "Godhar.Super-coolUITests";
				PRODUCT_NAME = "$(TARGET_NAME)";
				TEST_TARGET_NAME = "Super cool";
			};
			name = Release;
		};
/* End XCBuildConfiguration section */

/* Begin XCConfigurationList section */
		7A2CBC0A1CEC6DD100770193 /* Build configuration list for PBXProject "Super cool" */ = {
			isa = XCConfigurationList;
			buildConfigurations = (
				7A2CBC351CEC6DD200770193 /* Debug */,
				7A2CBC361CEC6DD200770193 /* Release */,
			);
			defaultConfigurationIsVisible = 0;
			defaultConfigurationName = Release;
		};
		7A2CBC371CEC6DD200770193 /* Build configuration list for PBXNativeTarget "Super cool" */ = {
			isa = XCConfigurationList;
			buildConfigurations = (
				7A2CBC381CEC6DD200770193 /* Debug */,
				7A2CBC391CEC6DD200770193 /* Release */,
			);
			defaultConfigurationIsVisible = 0;
			defaultConfigurationName = Release;
		};
		7A2CBC3A1CEC6DD200770193 /* Build configuration list for PBXNativeTarget "Super coolTests" */ = {
			isa = XCConfigurationList;
			buildConfigurations = (
				7A2CBC3B1CEC6DD200770193 /* Debug */,
				7A2CBC3C1CEC6DD200770193 /* Release */,
			);
			defaultConfigurationIsVisible = 0;
			defaultConfigurationName = Release;
		};
		7A2CBC3D1CEC6DD200770193 /* Build configuration list for PBXNativeTarget "Super coolUITests" */ = {
			isa = XCConfigurationList;
			buildConfigurations = (
				7A2CBC3E1CEC6DD200770193 /* Debug */,
				7A2CBC3F1CEC6DD200770193 /* Release */,
			);
			defaultConfigurationIsVisible = 0;
			defaultConfigurationName = Release;
		};
/* End XCConfigurationList section */
	};
	rootObject = 7A2CBC071CEC6DD100770193 /* Project object */;
}
